// !$*UTF8*$!
{
	archiveVersion = 1;
	classes = {
	};
	objectVersion = 77;
	objects = {

/* Begin PBXBuildFile section */
		4018E0FC2D4AAAAD009EA534 /* FirebaseAnalytics in Frameworks */ = {isa = PBXBuildFile; productRef = 4018E0FB2D4AAAAD009EA534 /* FirebaseAnalytics */; };
		4018E0FE2D4AAAAD009EA534 /* FirebaseAnalyticsOnDeviceConversion in Frameworks */ = {isa = PBXBuildFile; productRef = 4018E0FD2D4AAAAD009EA534 /* FirebaseAnalyticsOnDeviceConversion */; };
		4018E1002D4AAAAD009EA534 /* FirebaseAnalyticsWithoutAdIdSupport in Frameworks */ = {isa = PBXBuildFile; productRef = 4018E0FF2D4AAAAD009EA534 /* FirebaseAnalyticsWithoutAdIdSupport */; };
		4018E1022D4AAAAD009EA534 /* FirebaseAppCheck in Frameworks */ = {isa = PBXBuildFile; productRef = 4018E1012D4AAAAD009EA534 /* FirebaseAppCheck */; };
		4018E1042D4AAAAD009EA534 /* FirebaseAppDistribution-Beta in Frameworks */ = {isa = PBXBuildFile; productRef = 4018E1032D4AAAAD009EA534 /* FirebaseAppDistribution-Beta */; };
		408D4A922D49CA0F0054E678 /* GoogleSignIn in Frameworks */ = {isa = PBXBuildFile; productRef = 408D4A912D49CA0F0054E678 /* GoogleSignIn */; };
		408D4A942D49CA0F0054E678 /* GoogleSignInSwift in Frameworks */ = {isa = PBXBuildFile; productRef = 408D4A932D49CA0F0054E678 /* GoogleSignInSwift */; };
/* End PBXBuildFile section */

/* Begin PBXContainerItemProxy section */
		408D4A4D2D49A6240054E678 /* PBXContainerItemProxy */ = {
			isa = PBXContainerItemProxy;
			containerPortal = 408D4A322D49A6210054E678 /* Project object */;
			proxyType = 1;
			remoteGlobalIDString = 408D4A392D49A6210054E678;
			remoteInfo = firebase;
		};
		408D4A572D49A6240054E678 /* PBXContainerItemProxy */ = {
			isa = PBXContainerItemProxy;
			containerPortal = 408D4A322D49A6210054E678 /* Project object */;
			proxyType = 1;
			remoteGlobalIDString = 408D4A392D49A6210054E678;
			remoteInfo = firebase;
		};
/* End PBXContainerItemProxy section */

/* Begin PBXFileReference section */
		408D4A3A2D49A6210054E678 /* firebase.app */ = {isa = PBXFileReference; explicitFileType = wrapper.application; includeInIndex = 0; path = firebase.app; sourceTree = BUILT_PRODUCTS_DIR; };
		408D4A4C2D49A6240054E678 /* firebaseTests.xctest */ = {isa = PBXFileReference; explicitFileType = wrapper.cfbundle; includeInIndex = 0; path = firebaseTests.xctest; sourceTree = BUILT_PRODUCTS_DIR; };
		408D4A562D49A6240054E678 /* firebaseUITests.xctest */ = {isa = PBXFileReference; explicitFileType = wrapper.cfbundle; includeInIndex = 0; path = firebaseUITests.xctest; sourceTree = BUILT_PRODUCTS_DIR; };
/* End PBXFileReference section */

/* Begin PBXFileSystemSynchronizedRootGroup section */
		408D4A3C2D49A6210054E678 /* firebase */ = {
			isa = PBXFileSystemSynchronizedRootGroup;
			path = firebase;
			sourceTree = "<group>";
		};
		408D4A4F2D49A6240054E678 /* firebaseTests */ = {
			isa = PBXFileSystemSynchronizedRootGroup;
			path = firebaseTests;
			sourceTree = "<group>";
		};
		408D4A592D49A6240054E678 /* firebaseUITests */ = {
			isa = PBXFileSystemSynchronizedRootGroup;
			path = firebaseUITests;
			sourceTree = "<group>";
		};
/* End PBXFileSystemSynchronizedRootGroup section */

/* Begin PBXFrameworksBuildPhase section */
		408D4A372D49A6210054E678 /* Frameworks */ = {
			isa = PBXFrameworksBuildPhase;
			buildActionMask = 2147483647;
			files = (
				4018E1042D4AAAAD009EA534 /* FirebaseAppDistribution-Beta in Frameworks */,
				408D4A922D49CA0F0054E678 /* GoogleSignIn in Frameworks */,
				4018E1002D4AAAAD009EA534 /* FirebaseAnalyticsWithoutAdIdSupport in Frameworks */,
				408D4A942D49CA0F0054E678 /* GoogleSignInSwift in Frameworks */,
				4018E0FC2D4AAAAD009EA534 /* FirebaseAnalytics in Frameworks */,
				4018E1022D4AAAAD009EA534 /* FirebaseAppCheck in Frameworks */,
				4018E0FE2D4AAAAD009EA534 /* FirebaseAnalyticsOnDeviceConversion in Frameworks */,
			);
			runOnlyForDeploymentPostprocessing = 0;
		};
		408D4A492D49A6240054E678 /* Frameworks */ = {
			isa = PBXFrameworksBuildPhase;
			buildActionMask = 2147483647;
			files = (
			);
			runOnlyForDeploymentPostprocessing = 0;
		};
		408D4A532D49A6240054E678 /* Frameworks */ = {
			isa = PBXFrameworksBuildPhase;
			buildActionMask = 2147483647;
			files = (
			);
			runOnlyForDeploymentPostprocessing = 0;
		};
/* End PBXFrameworksBuildPhase section */

/* Begin PBXGroup section */
		408D4A312D49A6210054E678 = {
			isa = PBXGroup;
			children = (
				408D4A3C2D49A6210054E678 /* firebase */,
				408D4A4F2D49A6240054E678 /* firebaseTests */,
				408D4A592D49A6240054E678 /* firebaseUITests */,
				408D4A3B2D49A6210054E678 /* Products */,
			);
			sourceTree = "<group>";
		};
		408D4A3B2D49A6210054E678 /* Products */ = {
			isa = PBXGroup;
			children = (
				408D4A3A2D49A6210054E678 /* firebase.app */,
				408D4A4C2D49A6240054E678 /* firebaseTests.xctest */,
				408D4A562D49A6240054E678 /* firebaseUITests.xctest */,
			);
			name = Products;
			sourceTree = "<group>";
		};
/* End PBXGroup section */

/* Begin PBXNativeTarget section */
		408D4A392D49A6210054E678 /* firebase */ = {
			isa = PBXNativeTarget;
			buildConfigurationList = 408D4A602D49A6240054E678 /* Build configuration list for PBXNativeTarget "firebase" */;
			buildPhases = (
				408D4A362D49A6210054E678 /* Sources */,
				408D4A372D49A6210054E678 /* Frameworks */,
				408D4A382D49A6210054E678 /* Resources */,
			);
			buildRules = (
			);
			dependencies = (
			);
			fileSystemSynchronizedGroups = (
				408D4A3C2D49A6210054E678 /* firebase */,
			);
			name = firebase;
			packageProductDependencies = (
				408D4A912D49CA0F0054E678 /* GoogleSignIn */,
				408D4A932D49CA0F0054E678 /* GoogleSignInSwift */,
				4018E0FB2D4AAAAD009EA534 /* FirebaseAnalytics */,
				4018E0FD2D4AAAAD009EA534 /* FirebaseAnalyticsOnDeviceConversion */,
				4018E0FF2D4AAAAD009EA534 /* FirebaseAnalyticsWithoutAdIdSupport */,
				4018E1012D4AAAAD009EA534 /* FirebaseAppCheck */,
				4018E1032D4AAAAD009EA534 /* FirebaseAppDistribution-Beta */,
			);
			productName = firebase;
			productReference = 408D4A3A2D49A6210054E678 /* firebase.app */;
			productType = "com.apple.product-type.application";
		};
		408D4A4B2D49A6240054E678 /* firebaseTests */ = {
			isa = PBXNativeTarget;
			buildConfigurationList = 408D4A632D49A6240054E678 /* Build configuration list for PBXNativeTarget "firebaseTests" */;
			buildPhases = (
				408D4A482D49A6240054E678 /* Sources */,
				408D4A492D49A6240054E678 /* Frameworks */,
				408D4A4A2D49A6240054E678 /* Resources */,
			);
			buildRules = (
			);
			dependencies = (
				408D4A4E2D49A6240054E678 /* PBXTargetDependency */,
			);
			fileSystemSynchronizedGroups = (
				408D4A4F2D49A6240054E678 /* firebaseTests */,
			);
			name = firebaseTests;
			packageProductDependencies = (
			);
			productName = firebaseTests;
			productReference = 408D4A4C2D49A6240054E678 /* firebaseTests.xctest */;
			productType = "com.apple.product-type.bundle.unit-test";
		};
		408D4A552D49A6240054E678 /* firebaseUITests */ = {
			isa = PBXNativeTarget;
			buildConfigurationList = 408D4A662D49A6240054E678 /* Build configuration list for PBXNativeTarget "firebaseUITests" */;
			buildPhases = (
				408D4A522D49A6240054E678 /* Sources */,
				408D4A532D49A6240054E678 /* Frameworks */,
				408D4A542D49A6240054E678 /* Resources */,
			);
			buildRules = (
			);
			dependencies = (
				408D4A582D49A6240054E678 /* PBXTargetDependency */,
			);
			fileSystemSynchronizedGroups = (
				408D4A592D49A6240054E678 /* firebaseUITests */,
			);
			name = firebaseUITests;
			packageProductDependencies = (
			);
			productName = firebaseUITests;
			productReference = 408D4A562D49A6240054E678 /* firebaseUITests.xctest */;
			productType = "com.apple.product-type.bundle.ui-testing";
		};
/* End PBXNativeTarget section */

/* Begin PBXProject section */
		408D4A322D49A6210054E678 /* Project object */ = {
			isa = PBXProject;
			attributes = {
				BuildIndependentTargetsInParallel = 1;
				LastSwiftUpdateCheck = 1620;
				LastUpgradeCheck = 1620;
				TargetAttributes = {
					408D4A392D49A6210054E678 = {
						CreatedOnToolsVersion = 16.2;
					};
					408D4A4B2D49A6240054E678 = {
						CreatedOnToolsVersion = 16.2;
						TestTargetID = 408D4A392D49A6210054E678;
					};
					408D4A552D49A6240054E678 = {
						CreatedOnToolsVersion = 16.2;
						TestTargetID = 408D4A392D49A6210054E678;
					};
				};
			};
			buildConfigurationList = 408D4A352D49A6210054E678 /* Build configuration list for PBXProject "firebase" */;
			developmentRegion = en;
			hasScannedForEncodings = 0;
			knownRegions = (
				en,
				Base,
			);
			mainGroup = 408D4A312D49A6210054E678;
			minimizedProjectReferenceProxies = 1;
			packageReferences = (
				408D4A902D49CA0F0054E678 /* XCRemoteSwiftPackageReference "GoogleSignIn-iOS" */,
				4018E0FA2D4AAAAD009EA534 /* XCRemoteSwiftPackageReference "firebase-ios-sdk" */,
			);
			preferredProjectObjectVersion = 77;
			productRefGroup = 408D4A3B2D49A6210054E678 /* Products */;
			projectDirPath = "";
			projectRoot = "";
			targets = (
				408D4A392D49A6210054E678 /* firebase */,
				408D4A4B2D49A6240054E678 /* firebaseTests */,
				408D4A552D49A6240054E678 /* firebaseUITests */,
			);
		};
/* End PBXProject section */

/* Begin PBXResourcesBuildPhase section */
		408D4A382D49A6210054E678 /* Resources */ = {
			isa = PBXResourcesBuildPhase;
			buildActionMask = 2147483647;
			files = (
			);
			runOnlyForDeploymentPostprocessing = 0;
		};
		408D4A4A2D49A6240054E678 /* Resources */ = {
			isa = PBXResourcesBuildPhase;
			buildActionMask = 2147483647;
			files = (
			);
			runOnlyForDeploymentPostprocessing = 0;
		};
		408D4A542D49A6240054E678 /* Resources */ = {
			isa = PBXResourcesBuildPhase;
			buildActionMask = 2147483647;
			files = (
			);
			runOnlyForDeploymentPostprocessing = 0;
		};
/* End PBXResourcesBuildPhase section */

/* Begin PBXSourcesBuildPhase section */
		408D4A362D49A6210054E678 /* Sources */ = {
			isa = PBXSourcesBuildPhase;
			buildActionMask = 2147483647;
			files = (
			);
			runOnlyForDeploymentPostprocessing = 0;
		};
		408D4A482D49A6240054E678 /* Sources */ = {
			isa = PBXSourcesBuildPhase;
			buildActionMask = 2147483647;
			files = (
			);
			runOnlyForDeploymentPostprocessing = 0;
		};
		408D4A522D49A6240054E678 /* Sources */ = {
			isa = PBXSourcesBuildPhase;
			buildActionMask = 2147483647;
			files = (
			);
			runOnlyForDeploymentPostprocessing = 0;
		};
/* End PBXSourcesBuildPhase section */

/* Begin PBXTargetDependency section */
		408D4A4E2D49A6240054E678 /* PBXTargetDependency */ = {
			isa = PBXTargetDependency;
			target = 408D4A392D49A6210054E678 /* firebase */;
			targetProxy = 408D4A4D2D49A6240054E678 /* PBXContainerItemProxy */;
		};
		408D4A582D49A6240054E678 /* PBXTargetDependency */ = {
			isa = PBXTargetDependency;
			target = 408D4A392D49A6210054E678 /* firebase */;
			targetProxy = 408D4A572D49A6240054E678 /* PBXContainerItemProxy */;
		};
/* End PBXTargetDependency section */

/* Begin XCBuildConfiguration section */
		408D4A5E2D49A6240054E678 /* Debug */ = {
			isa = XCBuildConfiguration;
			buildSettings = {
				ALWAYS_SEARCH_USER_PATHS = NO;
				ASSETCATALOG_COMPILER_GENERATE_SWIFT_ASSET_SYMBOL_EXTENSIONS = YES;
				CLANG_ANALYZER_NONNULL = YES;
				CLANG_ANALYZER_NUMBER_OBJECT_CONVERSION = YES_AGGRESSIVE;
				CLANG_CXX_LANGUAGE_STANDARD = "gnu++20";
				CLANG_ENABLE_MODULES = YES;
				CLANG_ENABLE_OBJC_ARC = YES;
				CLANG_ENABLE_OBJC_WEAK = YES;
				CLANG_WARN_BLOCK_CAPTURE_AUTORELEASING = YES;
				CLANG_WARN_BOOL_CONVERSION = YES;
				CLANG_WARN_COMMA = YES;
				CLANG_WARN_CONSTANT_CONVERSION = YES;
				CLANG_WARN_DEPRECATED_OBJC_IMPLEMENTATIONS = YES;
				CLANG_WARN_DIRECT_OBJC_ISA_USAGE = YES_ERROR;
				CLANG_WARN_DOCUMENTATION_COMMENTS = YES;
				CLANG_WARN_EMPTY_BODY = YES;
				CLANG_WARN_ENUM_CONVERSION = YES;
				CLANG_WARN_INFINITE_RECURSION = YES;
				CLANG_WARN_INT_CONVERSION = YES;
				CLANG_WARN_NON_LITERAL_NULL_CONVERSION = YES;
				CLANG_WARN_OBJC_IMPLICIT_RETAIN_SELF = YES;
				CLANG_WARN_OBJC_LITERAL_CONVERSION = YES;
				CLANG_WARN_OBJC_ROOT_CLASS = YES_ERROR;
				CLANG_WARN_QUOTED_INCLUDE_IN_FRAMEWORK_HEADER = YES;
				CLANG_WARN_RANGE_LOOP_ANALYSIS = YES;
				CLANG_WARN_STRICT_PROTOTYPES = YES;
				CLANG_WARN_SUSPICIOUS_MOVE = YES;
				CLANG_WARN_UNGUARDED_AVAILABILITY = YES_AGGRESSIVE;
				CLANG_WARN_UNREACHABLE_CODE = YES;
				CLANG_WARN__DUPLICATE_METHOD_MATCH = YES;
				COPY_PHASE_STRIP = NO;
				DEBUG_INFORMATION_FORMAT = dwarf;
				ENABLE_STRICT_OBJC_MSGSEND = YES;
				ENABLE_TESTABILITY = YES;
				ENABLE_USER_SCRIPT_SANDBOXING = YES;
				GCC_C_LANGUAGE_STANDARD = gnu17;
				GCC_DYNAMIC_NO_PIC = NO;
				GCC_NO_COMMON_BLOCKS = YES;
				GCC_OPTIMIZATION_LEVEL = 0;
				GCC_PREPROCESSOR_DEFINITIONS = (
					"DEBUG=1",
					"$(inherited)",
				);
				GCC_WARN_64_TO_32_BIT_CONVERSION = YES;
				GCC_WARN_ABOUT_RETURN_TYPE = YES_ERROR;
				GCC_WARN_UNDECLARED_SELECTOR = YES;
				GCC_WARN_UNINITIALIZED_AUTOS = YES_AGGRESSIVE;
				GCC_WARN_UNUSED_FUNCTION = YES;
				GCC_WARN_UNUSED_VARIABLE = YES;
				IPHONEOS_DEPLOYMENT_TARGET = 18.2;
				LOCALIZATION_PREFERS_STRING_CATALOGS = YES;
				MTL_ENABLE_DEBUG_INFO = INCLUDE_SOURCE;
				MTL_FAST_MATH = YES;
				ONLY_ACTIVE_ARCH = YES;
				SDKROOT = iphoneos;
				SWIFT_ACTIVE_COMPILATION_CONDITIONS = "DEBUG $(inherited)";
				SWIFT_OPTIMIZATION_LEVEL = "-Onone";
			};
			name = Debug;
		};
		408D4A5F2D49A6240054E678 /* Release */ = {
			isa = XCBuildConfiguration;
			buildSettings = {
				ALWAYS_SEARCH_USER_PATHS = NO;
				ASSETCATALOG_COMPILER_GENERATE_SWIFT_ASSET_SYMBOL_EXTENSIONS = YES;
				CLANG_ANALYZER_NONNULL = YES;
				CLANG_ANALYZER_NUMBER_OBJECT_CONVERSION = YES_AGGRESSIVE;
				CLANG_CXX_LANGUAGE_STANDARD = "gnu++20";
				CLANG_ENABLE_MODULES = YES;
				CLANG_ENABLE_OBJC_ARC = YES;
				CLANG_ENABLE_OBJC_WEAK = YES;
				CLANG_WARN_BLOCK_CAPTURE_AUTORELEASING = YES;
				CLANG_WARN_BOOL_CONVERSION = YES;
				CLANG_WARN_COMMA = YES;
				CLANG_WARN_CONSTANT_CONVERSION = YES;
				CLANG_WARN_DEPRECATED_OBJC_IMPLEMENTATIONS = YES;
				CLANG_WARN_DIRECT_OBJC_ISA_USAGE = YES_ERROR;
				CLANG_WARN_DOCUMENTATION_COMMENTS = YES;
				CLANG_WARN_EMPTY_BODY = YES;
				CLANG_WARN_ENUM_CONVERSION = YES;
				CLANG_WARN_INFINITE_RECURSION = YES;
				CLANG_WARN_INT_CONVERSION = YES;
				CLANG_WARN_NON_LITERAL_NULL_CONVERSION = YES;
				CLANG_WARN_OBJC_IMPLICIT_RETAIN_SELF = YES;
				CLANG_WARN_OBJC_LITERAL_CONVERSION = YES;
				CLANG_WARN_OBJC_ROOT_CLASS = YES_ERROR;
				CLANG_WARN_QUOTED_INCLUDE_IN_FRAMEWORK_HEADER = YES;
				CLANG_WARN_RANGE_LOOP_ANALYSIS = YES;
				CLANG_WARN_STRICT_PROTOTYPES = YES;
				CLANG_WARN_SUSPICIOUS_MOVE = YES;
				CLANG_WARN_UNGUARDED_AVAILABILITY = YES_AGGRESSIVE;
				CLANG_WARN_UNREACHABLE_CODE = YES;
				CLANG_WARN__DUPLICATE_METHOD_MATCH = YES;
				COPY_PHASE_STRIP = NO;
				DEBUG_INFORMATION_FORMAT = "dwarf-with-dsym";
				ENABLE_NS_ASSERTIONS = NO;
				ENABLE_STRICT_OBJC_MSGSEND = YES;
				ENABLE_USER_SCRIPT_SANDBOXING = YES;
				GCC_C_LANGUAGE_STANDARD = gnu17;
				GCC_NO_COMMON_BLOCKS = YES;
				GCC_WARN_64_TO_32_BIT_CONVERSION = YES;
				GCC_WARN_ABOUT_RETURN_TYPE = YES_ERROR;
				GCC_WARN_UNDECLARED_SELECTOR = YES;
				GCC_WARN_UNINITIALIZED_AUTOS = YES_AGGRESSIVE;
				GCC_WARN_UNUSED_FUNCTION = YES;
				GCC_WARN_UNUSED_VARIABLE = YES;
				IPHONEOS_DEPLOYMENT_TARGET = 18.2;
				LOCALIZATION_PREFERS_STRING_CATALOGS = YES;
				MTL_ENABLE_DEBUG_INFO = NO;
				MTL_FAST_MATH = YES;
				SDKROOT = iphoneos;
				SWIFT_COMPILATION_MODE = wholemodule;
				VALIDATE_PRODUCT = YES;
			};
			name = Release;
		};
		408D4A612D49A6240054E678 /* Debug */ = {
			isa = XCBuildConfiguration;
			buildSettings = {
				ASSETCATALOG_COMPILER_APPICON_NAME = AppIcon;
				ASSETCATALOG_COMPILER_GLOBAL_ACCENT_COLOR_NAME = AccentColor;
				CODE_SIGN_STYLE = Automatic;
				CURRENT_PROJECT_VERSION = 1;
				DEVELOPMENT_ASSET_PATHS = "\"firebase/Preview Content\"";
				DEVELOPMENT_TEAM = JTW3HFSSJ3;
				ENABLE_PREVIEWS = YES;
				GENERATE_INFOPLIST_FILE = YES;
				INFOPLIST_KEY_UIApplicationSceneManifest_Generation = YES;
				INFOPLIST_KEY_UIApplicationSupportsIndirectInputEvents = YES;
				INFOPLIST_KEY_UILaunchScreen_Generation = YES;
				INFOPLIST_KEY_UISupportedInterfaceOrientations_iPad = "UIInterfaceOrientationPortrait UIInterfaceOrientationPortraitUpsideDown UIInterfaceOrientationLandscapeLeft UIInterfaceOrientationLandscapeRight";
				INFOPLIST_KEY_UISupportedInterfaceOrientations_iPhone = "UIInterfaceOrientationPortrait UIInterfaceOrientationLandscapeLeft UIInterfaceOrientationLandscapeRight";
				LD_RUNPATH_SEARCH_PATHS = (
					"$(inherited)",
					"@executable_path/Frameworks",
				);
				MARKETING_VERSION = 1.0;
				PRODUCT_BUNDLE_IDENTIFIER = usa.atluutran.firebase;
				PRODUCT_NAME = "$(TARGET_NAME)";
				SWIFT_EMIT_LOC_STRINGS = YES;
				SWIFT_VERSION = 5.0;
				TARGETED_DEVICE_FAMILY = "1,2";
			};
			name = Debug;
		};
		408D4A622D49A6240054E678 /* Release */ = {
			isa = XCBuildConfiguration;
			buildSettings = {
				ASSETCATALOG_COMPILER_APPICON_NAME = AppIcon;
				ASSETCATALOG_COMPILER_GLOBAL_ACCENT_COLOR_NAME = AccentColor;
				CODE_SIGN_STYLE = Automatic;
				CURRENT_PROJECT_VERSION = 1;
				DEVELOPMENT_ASSET_PATHS = "\"firebase/Preview Content\"";
				DEVELOPMENT_TEAM = JTW3HFSSJ3;
				ENABLE_PREVIEWS = YES;
				GENERATE_INFOPLIST_FILE = YES;
				INFOPLIST_KEY_UIApplicationSceneManifest_Generation = YES;
				INFOPLIST_KEY_UIApplicationSupportsIndirectInputEvents = YES;
				INFOPLIST_KEY_UILaunchScreen_Generation = YES;
				INFOPLIST_KEY_UISupportedInterfaceOrientations_iPad = "UIInterfaceOrientationPortrait UIInterfaceOrientationPortraitUpsideDown UIInterfaceOrientationLandscapeLeft UIInterfaceOrientationLandscapeRight";
				INFOPLIST_KEY_UISupportedInterfaceOrientations_iPhone = "UIInterfaceOrientationPortrait UIInterfaceOrientationLandscapeLeft UIInterfaceOrientationLandscapeRight";
				LD_RUNPATH_SEARCH_PATHS = (
					"$(inherited)",
					"@executable_path/Frameworks",
				);
				MARKETING_VERSION = 1.0;
				PRODUCT_BUNDLE_IDENTIFIER = usa.atluutran.firebase;
				PRODUCT_NAME = "$(TARGET_NAME)";
				SWIFT_EMIT_LOC_STRINGS = YES;
				SWIFT_VERSION = 5.0;
				TARGETED_DEVICE_FAMILY = "1,2";
			};
			name = Release;
		};
		408D4A642D49A6240054E678 /* Debug */ = {
			isa = XCBuildConfiguration;
			buildSettings = {
				BUNDLE_LOADER = "$(TEST_HOST)";
				CODE_SIGN_STYLE = Automatic;
				CURRENT_PROJECT_VERSION = 1;
				DEVELOPMENT_TEAM = JTW3HFSSJ3;
				GENERATE_INFOPLIST_FILE = YES;
				IPHONEOS_DEPLOYMENT_TARGET = 18.2;
				MARKETING_VERSION = 1.0;
				PRODUCT_BUNDLE_IDENTIFIER = usa.atluutran.firebaseTests;
				PRODUCT_NAME = "$(TARGET_NAME)";
				SWIFT_EMIT_LOC_STRINGS = NO;
				SWIFT_VERSION = 5.0;
				TARGETED_DEVICE_FAMILY = "1,2";
				TEST_HOST = "$(BUILT_PRODUCTS_DIR)/firebase.app/$(BUNDLE_EXECUTABLE_FOLDER_PATH)/firebase";
			};
			name = Debug;
		};
		408D4A652D49A6240054E678 /* Release */ = {
			isa = XCBuildConfiguration;
			buildSettings = {
				BUNDLE_LOADER = "$(TEST_HOST)";
				CODE_SIGN_STYLE = Automatic;
				CURRENT_PROJECT_VERSION = 1;
				DEVELOPMENT_TEAM = JTW3HFSSJ3;
				GENERATE_INFOPLIST_FILE = YES;
				IPHONEOS_DEPLOYMENT_TARGET = 18.2;
				MARKETING_VERSION = 1.0;
				PRODUCT_BUNDLE_IDENTIFIER = usa.atluutran.firebaseTests;
				PRODUCT_NAME = "$(TARGET_NAME)";
				SWIFT_EMIT_LOC_STRINGS = NO;
				SWIFT_VERSION = 5.0;
				TARGETED_DEVICE_FAMILY = "1,2";
				TEST_HOST = "$(BUILT_PRODUCTS_DIR)/firebase.app/$(BUNDLE_EXECUTABLE_FOLDER_PATH)/firebase";
			};
			name = Release;
		};
		408D4A672D49A6240054E678 /* Debug */ = {
			isa = XCBuildConfiguration;
			buildSettings = {
				CODE_SIGN_STYLE = Automatic;
				CURRENT_PROJECT_VERSION = 1;
				DEVELOPMENT_TEAM = JTW3HFSSJ3;
				GENERATE_INFOPLIST_FILE = YES;
				MARKETING_VERSION = 1.0;
				PRODUCT_BUNDLE_IDENTIFIER = usa.atluutran.firebaseUITests;
				PRODUCT_NAME = "$(TARGET_NAME)";
				SWIFT_EMIT_LOC_STRINGS = NO;
				SWIFT_VERSION = 5.0;
				TARGETED_DEVICE_FAMILY = "1,2";
				TEST_TARGET_NAME = firebase;
			};
			name = Debug;
		};
		408D4A682D49A6240054E678 /* Release */ = {
			isa = XCBuildConfiguration;
			buildSettings = {
				CODE_SIGN_STYLE = Automatic;
				CURRENT_PROJECT_VERSION = 1;
				DEVELOPMENT_TEAM = JTW3HFSSJ3;
				GENERATE_INFOPLIST_FILE = YES;
				MARKETING_VERSION = 1.0;
				PRODUCT_BUNDLE_IDENTIFIER = usa.atluutran.firebaseUITests;
				PRODUCT_NAME = "$(TARGET_NAME)";
				SWIFT_EMIT_LOC_STRINGS = NO;
				SWIFT_VERSION = 5.0;
				TARGETED_DEVICE_FAMILY = "1,2";
				TEST_TARGET_NAME = firebase;
			};
			name = Release;
		};
/* End XCBuildConfiguration section */

/* Begin XCConfigurationList section */
		408D4A352D49A6210054E678 /* Build configuration list for PBXProject "firebase" */ = {
			isa = XCConfigurationList;
			buildConfigurations = (
				408D4A5E2D49A6240054E678 /* Debug */,
				408D4A5F2D49A6240054E678 /* Release */,
			);
			defaultConfigurationIsVisible = 0;
			defaultConfigurationName = Release;
		};
		408D4A602D49A6240054E678 /* Build configuration list for PBXNativeTarget "firebase" */ = {
			isa = XCConfigurationList;
			buildConfigurations = (
				408D4A612D49A6240054E678 /* Debug */,
				408D4A622D49A6240054E678 /* Release */,
			);
			defaultConfigurationIsVisible = 0;
			defaultConfigurationName = Release;
		};
		408D4A632D49A6240054E678 /* Build configuration list for PBXNativeTarget "firebaseTests" */ = {
			isa = XCConfigurationList;
			buildConfigurations = (
				408D4A642D49A6240054E678 /* Debug */,
				408D4A652D49A6240054E678 /* Release */,
			);
			defaultConfigurationIsVisible = 0;
			defaultConfigurationName = Release;
		};
		408D4A662D49A6240054E678 /* Build configuration list for PBXNativeTarget "firebaseUITests" */ = {
			isa = XCConfigurationList;
			buildConfigurations = (
				408D4A672D49A6240054E678 /* Debug */,
				408D4A682D49A6240054E678 /* Release */,
			);
			defaultConfigurationIsVisible = 0;
			defaultConfigurationName = Release;
		};
/* End XCConfigurationList section */

/* Begin XCRemoteSwiftPackageReference section */
		4018E0FA2D4AAAAD009EA534 /* XCRemoteSwiftPackageReference "firebase-ios-sdk" */ = {
			isa = XCRemoteSwiftPackageReference;
			repositoryURL = "https://github.com/firebase/firebase-ios-sdk";
			requirement = {
				kind = upToNextMajorVersion;
				minimumVersion = 11.7.0;
			};
		};
		408D4A902D49CA0F0054E678 /* XCRemoteSwiftPackageReference "GoogleSignIn-iOS" */ = {
			isa = XCRemoteSwiftPackageReference;
			repositoryURL = "https://github.com/google/GoogleSignIn-iOS";
			requirement = {
				kind = upToNextMajorVersion;
				minimumVersion = 8.0.0;
			};
		};
/* End XCRemoteSwiftPackageReference section */

/* Begin XCSwiftPackageProductDependency section */
		4018E0FB2D4AAAAD009EA534 /* FirebaseAnalytics */ = {
			isa = XCSwiftPackageProductDependency;
			package = 4018E0FA2D4AAAAD009EA534 /* XCRemoteSwiftPackageReference "firebase-ios-sdk" */;
			productName = FirebaseAnalytics;
		};
		4018E0FD2D4AAAAD009EA534 /* FirebaseAnalyticsOnDeviceConversion */ = {
			isa = XCSwiftPackageProductDependency;
			package = 4018E0FA2D4AAAAD009EA534 /* XCRemoteSwiftPackageReference "firebase-ios-sdk" */;
			productName = FirebaseAnalyticsOnDeviceConversion;
		};
		4018E0FF2D4AAAAD009EA534 /* FirebaseAnalyticsWithoutAdIdSupport */ = {
			isa = XCSwiftPackageProductDependency;
			package = 4018E0FA2D4AAAAD009EA534 /* XCRemoteSwiftPackageReference "firebase-ios-sdk" */;
			productName = FirebaseAnalyticsWithoutAdIdSupport;
		};
		4018E1012D4AAAAD009EA534 /* FirebaseAppCheck */ = {
			isa = XCSwiftPackageProductDependency;
			package = 4018E0FA2D4AAAAD009EA534 /* XCRemoteSwiftPackageReference "firebase-ios-sdk" */;
			productName = FirebaseAppCheck;
		};
		4018E1032D4AAAAD009EA534 /* FirebaseAppDistribution-Beta */ = {
			isa = XCSwiftPackageProductDependency;
			package = 4018E0FA2D4AAAAD009EA534 /* XCRemoteSwiftPackageReference "firebase-ios-sdk" */;
			productName = "FirebaseAppDistribution-Beta";
		};
		408D4A912D49CA0F0054E678 /* GoogleSignIn */ = {
			isa = XCSwiftPackageProductDependency;
			package = 408D4A902D49CA0F0054E678 /* XCRemoteSwiftPackageReference "GoogleSignIn-iOS" */;
			productName = GoogleSignIn;
		};
		408D4A932D49CA0F0054E678 /* GoogleSignInSwift */ = {
			isa = XCSwiftPackageProductDependency;
			package = 408D4A902D49CA0F0054E678 /* XCRemoteSwiftPackageReference "GoogleSignIn-iOS" */;
			productName = GoogleSignInSwift;
		};
/* End XCSwiftPackageProductDependency section */
	};
	rootObject = 408D4A322D49A6210054E678 /* Project object */;
}
